
Microsoft Visual Studio Solution File, Format Version 12.00
# Visual Studio Version 16
VisualStudioVersion = 16.0.31005.135
MinimumVisualStudioVersion = 10.0.40219.1
Project("{FAE04EC0-301F-11D3-BF4B-00C04F79EFBC}") = "Robot", "Robot\Robot.csproj", "{DE1B181F-3542-4B3A-836F-4E585AB7F7DC}"
EndProject
Global
	GlobalSection(SolutionConfigurationPlatforms) = preSolution
		Debug|Any CPU = Debug|Any CPU
		Release|Any CPU = Release|Any CPU
	EndGlobalSection
	GlobalSection(ProjectConfigurationPlatforms) = postSolution
		{DE1B181F-3542-4B3A-836F-4E585AB7F7DC}.Debug|Any CPU.ActiveCfg = Debug|Any CPU
		{DE1B181F-3542-4B3A-836F-4E585AB7F7DC}.Debug|Any CPU.Build.0 = Debug|Any CPU
		{DE1B181F-3542-4B3A-836F-4E585AB7F7DC}.Release|Any CPU.ActiveCfg = Release|Any CPU
		{DE1B181F-3542-4B3A-836F-4E585AB7F7DC}.Release|Any CPU.Build.0 = Release|Any CPU
	EndGlobalSection
	GlobalSection(SolutionProperties) = preSolution
		HideSolutionNode = FALSE
	EndGlobalSection
	GlobalSection(ExtensibilityGlobals) = postSolution
		SolutionGuid = {42F60838-B4F0-4DB9-B33C-5540D65FB2F3}
	EndGlobalSection
EndGlobal
